// !$*UTF8*$!
{
	archiveVersion = 1;
	classes = {
	};
	objectVersion = 56;
	objects = {

/* Begin PBXBuildFile section */
		B8B4393A2F7DA11600FD917D /* AccountabilityBuddyApp.swift in Sources */ = {isa = PBXBuildFile; fileRef = B8B439392F7DA11600FD917D /* AccountabilityBuddyApp.swift */; };
		B8B4393C2F7DA11600FD917D /* HomeView.swift in Sources */ = {isa = PBXBuildFile; fileRef = B8B4393B2F7DA11600FD917D /* HomeView.swift */; };
		B8B4393E2F7DA11900FD917D /* Assets.xcassets in Resources */ = {isa = PBXBuildFile; fileRef = B8B4393D2F7DA11900FD917D /* Assets.xcassets */; };
		B8B439412F7DA11900FD917D /* Preview Assets.xcassets in Resources */ = {isa = PBXBuildFile; fileRef = B8B439402F7DA11900FD917D /* Preview Assets.xcassets */; };
		B8B4394B2F7DA11A00FD917D /* AccountabilityBuddyTests.swift in Sources */ = {isa = PBXBuildFile; fileRef = B8B4394A2F7DA11A00FD917D /* AccountabilityBuddyTests.swift */; };
		B8B439552F7DA11A00FD917D /* AccountabilityBuddyUITests.swift in Sources */ = {isa = PBXBuildFile; fileRef = B8B439542F7DA11A00FD917D /* AccountabilityBuddyUITests.swift */; };
		B8B439572F7DA11A00FD917D /* AccountabilityBuddyUITestsLaunchTests.swift in Sources */ = {isa = PBXBuildFile; fileRef = B8B439562F7DA11A00FD917D /* AccountabilityBuddyUITestsLaunchTests.swift */; };
		B8B439682F7DA1E800FD917D /* ReflectionEntry.swift in Sources */ = {isa = PBXBuildFile; fileRef = B8B439672F7DA1E800FD917D /* ReflectionEntry.swift */; };
		B8B4396A2F7DA20E00FD917D /* EntryStore.swift in Sources */ = {isa = PBXBuildFile; fileRef = B8B439692F7DA20E00FD917D /* EntryStore.swift */; };
		B8B4396C2F7DA23500FD917D /* NotificationManager.swift in Sources */ = {isa = PBXBuildFile; fileRef = B8B4396B2F7DA23500FD917D /* NotificationManager.swift */; };
		B8B4396E2F7DA25500FD917D /* HomeViewModel.swift in Sources */ = {isa = PBXBuildFile; fileRef = B8B4396D2F7DA25500FD917D /* HomeViewModel.swift */; };
		B8B439702F7DA28A00FD917D /* HistoryView.swift in Sources */ = {isa = PBXBuildFile; fileRef = B8B4396F2F7DA28A00FD917D /* HistoryView.swift */; };
		B8B439722F7DA2A700FD917D /* StatsView.swift in Sources */ = {isa = PBXBuildFile; fileRef = B8B439712F7DA2A700FD917D /* StatsView.swift */; };
		B8B439742F7DA85C00FD917D /* EntryDetailView.swift in Sources */ = {isa = PBXBuildFile; fileRef = B8B439732F7DA85C00FD917D /* EntryDetailView.swift */; };
		B8B439762F7DA99E00FD917D /* EditEntryView.swift in Sources */ = {isa = PBXBuildFile; fileRef = B8B439752F7DA99E00FD917D /* EditEntryView.swift */; };
		B8B439782F7DAB3900FD917D /* SettingsView.swift in Sources */ = {isa = PBXBuildFile; fileRef = B8B439772F7DAB3900FD917D /* SettingsView.swift */; };
		B8B4397A2F7DADA200FD917D /* OnboardingView.swift in Sources */ = {isa = PBXBuildFile; fileRef = B8B439792F7DADA200FD917D /* OnboardingView.swift */; };
/* End PBXBuildFile section */

/* Begin PBXContainerItemProxy section */
		B8B439472F7DA11A00FD917D /* PBXContainerItemProxy */ = {
			isa = PBXContainerItemProxy;
			containerPortal = B8B4392E2F7DA11500FD917D /* Project object */;
			proxyType = 1;
			remoteGlobalIDString = B8B439352F7DA11500FD917D;
			remoteInfo = AccountabilityBuddy;
		};
		B8B439512F7DA11A00FD917D /* PBXContainerItemProxy */ = {
			isa = PBXContainerItemProxy;
			containerPortal = B8B4392E2F7DA11500FD917D /* Project object */;
			proxyType = 1;
			remoteGlobalIDString = B8B439352F7DA11500FD917D;
			remoteInfo = AccountabilityBuddy;
		};
/* End PBXContainerItemProxy section */

/* Begin PBXFileReference section */
		B8B439362F7DA11500FD917D /* AccountabilityBuddy.app */ = {isa = PBXFileReference; explicitFileType = wrapper.application; includeInIndex = 0; path = AccountabilityBuddy.app; sourceTree = BUILT_PRODUCTS_DIR; };
		B8B439392F7DA11600FD917D /* AccountabilityBuddyApp.swift */ = {isa = PBXFileReference; lastKnownFileType = sourcecode.swift; path = AccountabilityBuddyApp.swift; sourceTree = "<group>"; };
		B8B4393B2F7DA11600FD917D /* HomeView.swift */ = {isa = PBXFileReference; lastKnownFileType = sourcecode.swift; path = HomeView.swift; sourceTree = "<group>"; };
		B8B4393D2F7DA11900FD917D /* Assets.xcassets */ = {isa = PBXFileReference; lastKnownFileType = folder.assetcatalog; path = Assets.xcassets; sourceTree = "<group>"; };
		B8B439402F7DA11900FD917D /* Preview Assets.xcassets */ = {isa = PBXFileReference; lastKnownFileType = folder.assetcatalog; path = "Preview Assets.xcassets"; sourceTree = "<group>"; };
		B8B439462F7DA11A00FD917D /* AccountabilityBuddyTests.xctest */ = {isa = PBXFileReference; explicitFileType = wrapper.cfbundle; includeInIndex = 0; path = AccountabilityBuddyTests.xctest; sourceTree = BUILT_PRODUCTS_DIR; };
		B8B4394A2F7DA11A00FD917D /* AccountabilityBuddyTests.swift */ = {isa = PBXFileReference; lastKnownFileType = sourcecode.swift; path = AccountabilityBuddyTests.swift; sourceTree = "<group>"; };
		B8B439502F7DA11A00FD917D /* AccountabilityBuddyUITests.xctest */ = {isa = PBXFileReference; explicitFileType = wrapper.cfbundle; includeInIndex = 0; path = AccountabilityBuddyUITests.xctest; sourceTree = BUILT_PRODUCTS_DIR; };
		B8B439542F7DA11A00FD917D /* AccountabilityBuddyUITests.swift */ = {isa = PBXFileReference; lastKnownFileType = sourcecode.swift; path = AccountabilityBuddyUITests.swift; sourceTree = "<group>"; };
		B8B439562F7DA11A00FD917D /* AccountabilityBuddyUITestsLaunchTests.swift */ = {isa = PBXFileReference; lastKnownFileType = sourcecode.swift; path = AccountabilityBuddyUITestsLaunchTests.swift; sourceTree = "<group>"; };
		B8B439672F7DA1E800FD917D /* ReflectionEntry.swift */ = {isa = PBXFileReference; lastKnownFileType = sourcecode.swift; path = ReflectionEntry.swift; sourceTree = "<group>"; };
		B8B439692F7DA20E00FD917D /* EntryStore.swift */ = {isa = PBXFileReference; lastKnownFileType = sourcecode.swift; path = EntryStore.swift; sourceTree = "<group>"; };
		B8B4396B2F7DA23500FD917D /* NotificationManager.swift */ = {isa = PBXFileReference; lastKnownFileType = sourcecode.swift; path = NotificationManager.swift; sourceTree = "<group>"; };
		B8B4396D2F7DA25500FD917D /* HomeViewModel.swift */ = {isa = PBXFileReference; lastKnownFileType = sourcecode.swift; path = HomeViewModel.swift; sourceTree = "<group>"; };
		B8B4396F2F7DA28A00FD917D /* HistoryView.swift */ = {isa = PBXFileReference; lastKnownFileType = sourcecode.swift; path = HistoryView.swift; sourceTree = "<group>"; };
		B8B439712F7DA2A700FD917D /* StatsView.swift */ = {isa = PBXFileReference; lastKnownFileType = sourcecode.swift; path = StatsView.swift; sourceTree = "<group>"; };
		B8B439732F7DA85C00FD917D /* EntryDetailView.swift */ = {isa = PBXFileReference; lastKnownFileType = sourcecode.swift; path = EntryDetailView.swift; sourceTree = "<group>"; };
		B8B439752F7DA99E00FD917D /* EditEntryView.swift */ = {isa = PBXFileReference; lastKnownFileType = sourcecode.swift; path = EditEntryView.swift; sourceTree = "<group>"; };
		B8B439772F7DAB3900FD917D /* SettingsView.swift */ = {isa = PBXFileReference; lastKnownFileType = sourcecode.swift; path = SettingsView.swift; sourceTree = "<group>"; };
		B8B439792F7DADA200FD917D /* OnboardingView.swift */ = {isa = PBXFileReference; lastKnownFileType = sourcecode.swift; path = OnboardingView.swift; sourceTree = "<group>"; };
/* End PBXFileReference section */

/* Begin PBXFrameworksBuildPhase section */
		B8B439332F7DA11500FD917D /* Frameworks */ = {
			isa = PBXFrameworksBuildPhase;
			buildActionMask = 2147483647;
			files = (
			);
			runOnlyForDeploymentPostprocessing = 0;
		};
		B8B439432F7DA11A00FD917D /* Frameworks */ = {
			isa = PBXFrameworksBuildPhase;
			buildActionMask = 2147483647;
			files = (
			);
			runOnlyForDeploymentPostprocessing = 0;
		};
		B8B4394D2F7DA11A00FD917D /* Frameworks */ = {
			isa = PBXFrameworksBuildPhase;
			buildActionMask = 2147483647;
			files = (
			);
			runOnlyForDeploymentPostprocessing = 0;
		};
/* End PBXFrameworksBuildPhase section */

/* Begin PBXGroup section */
		B8B4392D2F7DA11500FD917D = {
			isa = PBXGroup;
			children = (
				B8B439662F7DA15300FD917D /* Views */,
				B8B439652F7DA13F00FD917D /* ViewModels */,
				B8B439642F7DA13700FD917D /* Services */,
				B8B439632F7DA12B00FD917D /* Models */,
				B8B439382F7DA11500FD917D /* AccountabilityBuddy */,
				B8B439492F7DA11A00FD917D /* AccountabilityBuddyTests */,
				B8B439532F7DA11A00FD917D /* AccountabilityBuddyUITests */,
				B8B439372F7DA11500FD917D /* Products */,
			);
			sourceTree = "<group>";
		};
		B8B439372F7DA11500FD917D /* Products */ = {
			isa = PBXGroup;
			children = (
				B8B439362F7DA11500FD917D /* AccountabilityBuddy.app */,
				B8B439462F7DA11A00FD917D /* AccountabilityBuddyTests.xctest */,
				B8B439502F7DA11A00FD917D /* AccountabilityBuddyUITests.xctest */,
			);
			name = Products;
			sourceTree = "<group>";
		};
		B8B439382F7DA11500FD917D /* AccountabilityBuddy */ = {
			isa = PBXGroup;
			children = (
				B8B439392F7DA11600FD917D /* AccountabilityBuddyApp.swift */,
				B8B4393D2F7DA11900FD917D /* Assets.xcassets */,
				B8B4393F2F7DA11900FD917D /* Preview Content */,
			);
			path = AccountabilityBuddy;
			sourceTree = "<group>";
		};
		B8B4393F2F7DA11900FD917D /* Preview Content */ = {
			isa = PBXGroup;
			children = (
				B8B439402F7DA11900FD917D /* Preview Assets.xcassets */,
			);
			path = "Preview Content";
			sourceTree = "<group>";
		};
		B8B439492F7DA11A00FD917D /* AccountabilityBuddyTests */ = {
			isa = PBXGroup;
			children = (
				B8B4394A2F7DA11A00FD917D /* AccountabilityBuddyTests.swift */,
			);
			path = AccountabilityBuddyTests;
			sourceTree = "<group>";
		};
		B8B439532F7DA11A00FD917D /* AccountabilityBuddyUITests */ = {
			isa = PBXGroup;
			children = (
				B8B439542F7DA11A00FD917D /* AccountabilityBuddyUITests.swift */,
				B8B439562F7DA11A00FD917D /* AccountabilityBuddyUITestsLaunchTests.swift */,
			);
			path = AccountabilityBuddyUITests;
			sourceTree = "<group>";
		};
		B8B439632F7DA12B00FD917D /* Models */ = {
			isa = PBXGroup;
			children = (
				B8B439672F7DA1E800FD917D /* ReflectionEntry.swift */,
			);
			path = Models;
			sourceTree = "<group>";
		};
		B8B439642F7DA13700FD917D /* Services */ = {
			isa = PBXGroup;
			children = (
				B8B439692F7DA20E00FD917D /* EntryStore.swift */,
				B8B4396B2F7DA23500FD917D /* NotificationManager.swift */,
			);
			path = Services;
			sourceTree = "<group>";
		};
		B8B439652F7DA13F00FD917D /* ViewModels */ = {
			isa = PBXGroup;
			children = (
				B8B4396D2F7DA25500FD917D /* HomeViewModel.swift */,
			);
			path = ViewModels;
			sourceTree = "<group>";
		};
		B8B439662F7DA15300FD917D /* Views */ = {
			isa = PBXGroup;
			children = (
				B8B4393B2F7DA11600FD917D /* HomeView.swift */,
				B8B4396F2F7DA28A00FD917D /* HistoryView.swift */,
				B8B439712F7DA2A700FD917D /* StatsView.swift */,
				B8B439732F7DA85C00FD917D /* EntryDetailView.swift */,
				B8B439752F7DA99E00FD917D /* EditEntryView.swift */,
				B8B439772F7DAB3900FD917D /* SettingsView.swift */,
				B8B439792F7DADA200FD917D /* OnboardingView.swift */,
			);
			path = Views;
			sourceTree = "<group>";
		};
/* End PBXGroup section */

/* Begin PBXNativeTarget section */
		B8B439352F7DA11500FD917D /* AccountabilityBuddy */ = {
			isa = PBXNativeTarget;
			buildConfigurationList = B8B4395A2F7DA11A00FD917D /* Build configuration list for PBXNativeTarget "AccountabilityBuddy" */;
			buildPhases = (
				B8B439322F7DA11500FD917D /* Sources */,
				B8B439332F7DA11500FD917D /* Frameworks */,
				B8B439342F7DA11500FD917D /* Resources */,
			);
			buildRules = (
			);
			dependencies = (
			);
			name = AccountabilityBuddy;
			productName = AccountabilityBuddy;
			productReference = B8B439362F7DA11500FD917D /* AccountabilityBuddy.app */;
			productType = "com.apple.product-type.application";
		};
		B8B439452F7DA11A00FD917D /* AccountabilityBuddyTests */ = {
			isa = PBXNativeTarget;
			buildConfigurationList = B8B4395D2F7DA11A00FD917D /* Build configuration list for PBXNativeTarget "AccountabilityBuddyTests" */;
			buildPhases = (
				B8B439422F7DA11A00FD917D /* Sources */,
				B8B439432F7DA11A00FD917D /* Frameworks */,
				B8B439442F7DA11A00FD917D /* Resources */,
			);
			buildRules = (
			);
			dependencies = (
				B8B439482F7DA11A00FD917D /* PBXTargetDependency */,
			);
			name = AccountabilityBuddyTests;
			productName = AccountabilityBuddyTests;
			productReference = B8B439462F7DA11A00FD917D /* AccountabilityBuddyTests.xctest */;
			productType = "com.apple.product-type.bundle.unit-test";
		};
		B8B4394F2F7DA11A00FD917D /* AccountabilityBuddyUITests */ = {
			isa = PBXNativeTarget;
			buildConfigurationList = B8B439602F7DA11A00FD917D /* Build configuration list for PBXNativeTarget "AccountabilityBuddyUITests" */;
			buildPhases = (
				B8B4394C2F7DA11A00FD917D /* Sources */,
				B8B4394D2F7DA11A00FD917D /* Frameworks */,
				B8B4394E2F7DA11A00FD917D /* Resources */,
			);
			buildRules = (
			);
			dependencies = (
				B8B439522F7DA11A00FD917D /* PBXTargetDependency */,
			);
			name = AccountabilityBuddyUITests;
			productName = AccountabilityBuddyUITests;
			productReference = B8B439502F7DA11A00FD917D /* AccountabilityBuddyUITests.xctest */;
			productType = "com.apple.product-type.bundle.ui-testing";
		};
/* End PBXNativeTarget section */

/* Begin PBXProject section */
		B8B4392E2F7DA11500FD917D /* Project object */ = {
			isa = PBXProject;
			attributes = {
				BuildIndependentTargetsInParallel = 1;
				LastSwiftUpdateCheck = 1420;
				LastUpgradeCheck = 1420;
				TargetAttributes = {
					B8B439352F7DA11500FD917D = {
						CreatedOnToolsVersion = 14.2;
					};
					B8B439452F7DA11A00FD917D = {
						CreatedOnToolsVersion = 14.2;
						TestTargetID = B8B439352F7DA11500FD917D;
					};
					B8B4394F2F7DA11A00FD917D = {
						CreatedOnToolsVersion = 14.2;
						TestTargetID = B8B439352F7DA11500FD917D;
					};
				};
			};
			buildConfigurationList = B8B439312F7DA11500FD917D /* Build configuration list for PBXProject "AccountabilityBuddy" */;
			compatibilityVersion = "Xcode 14.0";
			developmentRegion = en;
			hasScannedForEncodings = 0;
			knownRegions = (
				en,
				Base,
			);
			mainGroup = B8B4392D2F7DA11500FD917D;
			productRefGroup = B8B439372F7DA11500FD917D /* Products */;
			projectDirPath = "";
			projectRoot = "";
			targets = (
				B8B439352F7DA11500FD917D /* AccountabilityBuddy */,
				B8B439452F7DA11A00FD917D /* AccountabilityBuddyTests */,
				B8B4394F2F7DA11A00FD917D /* AccountabilityBuddyUITests */,
			);
		};
/* End PBXProject section */

/* Begin PBXResourcesBuildPhase section */
		B8B439342F7DA11500FD917D /* Resources */ = {
			isa = PBXResourcesBuildPhase;
			buildActionMask = 2147483647;
			files = (
				B8B439412F7DA11900FD917D /* Preview Assets.xcassets in Resources */,
				B8B4393E2F7DA11900FD917D /* Assets.xcassets in Resources */,
			);
			runOnlyForDeploymentPostprocessing = 0;
		};
		B8B439442F7DA11A00FD917D /* Resources */ = {
			isa = PBXResourcesBuildPhase;
			buildActionMask = 2147483647;
			files = (
			);
			runOnlyForDeploymentPostprocessing = 0;
		};
		B8B4394E2F7DA11A00FD917D /* Resources */ = {
			isa = PBXResourcesBuildPhase;
			buildActionMask = 2147483647;
			files = (
			);
			runOnlyForDeploymentPostprocessing = 0;
		};
/* End PBXResourcesBuildPhase section */

/* Begin PBXSourcesBuildPhase section */
		B8B439322F7DA11500FD917D /* Sources */ = {
			isa = PBXSourcesBuildPhase;
			buildActionMask = 2147483647;
			files = (
				B8B439702F7DA28A00FD917D /* HistoryView.swift in Sources */,
				B8B439762F7DA99E00FD917D /* EditEntryView.swift in Sources */,
				B8B4393C2F7DA11600FD917D /* HomeView.swift in Sources */,
				B8B4396E2F7DA25500FD917D /* HomeViewModel.swift in Sources */,
				B8B439682F7DA1E800FD917D /* ReflectionEntry.swift in Sources */,
				B8B439722F7DA2A700FD917D /* StatsView.swift in Sources */,
				B8B4396C2F7DA23500FD917D /* NotificationManager.swift in Sources */,
				B8B439742F7DA85C00FD917D /* EntryDetailView.swift in Sources */,
				B8B4396A2F7DA20E00FD917D /* EntryStore.swift in Sources */,
				B8B4397A2F7DADA200FD917D /* OnboardingView.swift in Sources */,
				B8B4393A2F7DA11600FD917D /* AccountabilityBuddyApp.swift in Sources */,
				B8B439782F7DAB3900FD917D /* SettingsView.swift in Sources */,
			);
			runOnlyForDeploymentPostprocessing = 0;
		};
		B8B439422F7DA11A00FD917D /* Sources */ = {
			isa = PBXSourcesBuildPhase;
			buildActionMask = 2147483647;
			files = (
				B8B4394B2F7DA11A00FD917D /* AccountabilityBuddyTests.swift in Sources */,
			);
			runOnlyForDeploymentPostprocessing = 0;
		};
		B8B4394C2F7DA11A00FD917D /* Sources */ = {
			isa = PBXSourcesBuildPhase;
			buildActionMask = 2147483647;
			files = (
				B8B439572F7DA11A00FD917D /* AccountabilityBuddyUITestsLaunchTests.swift in Sources */,
				B8B439552F7DA11A00FD917D /* AccountabilityBuddyUITests.swift in Sources */,
			);
			runOnlyForDeploymentPostprocessing = 0;
		};
/* End PBXSourcesBuildPhase section */

/* Begin PBXTargetDependency section */
		B8B439482F7DA11A00FD917D /* PBXTargetDependency */ = {
			isa = PBXTargetDependency;
			target = B8B439352F7DA11500FD917D /* AccountabilityBuddy */;
			targetProxy = B8B439472F7DA11A00FD917D /* PBXContainerItemProxy */;
		};
		B8B439522F7DA11A00FD917D /* PBXTargetDependency */ = {
			isa = PBXTargetDependency;
			target = B8B439352F7DA11500FD917D /* AccountabilityBuddy */;
			targetProxy = B8B439512F7DA11A00FD917D /* PBXContainerItemProxy */;
		};
/* End PBXTargetDependency section */

/* Begin XCBuildConfiguration section */
		B8B439582F7DA11A00FD917D /* Debug */ = {
			isa = XCBuildConfiguration;
			buildSettings = {
				ALWAYS_SEARCH_USER_PATHS = NO;
				CLANG_ANALYZER_NONNULL = YES;
				CLANG_ANALYZER_NUMBER_OBJECT_CONVERSION = YES_AGGRESSIVE;
				CLANG_CXX_LANGUAGE_STANDARD = "gnu++20";
				CLANG_ENABLE_MODULES = YES;
				CLANG_ENABLE_OBJC_ARC = YES;
				CLANG_ENABLE_OBJC_WEAK = YES;
				CLANG_WARN_BLOCK_CAPTURE_AUTORELEASING = YES;
				CLANG_WARN_BOOL_CONVERSION = YES;
				CLANG_WARN_COMMA = YES;
				CLANG_WARN_CONSTANT_CONVERSION = YES;
				CLANG_WARN_DEPRECATED_OBJC_IMPLEMENTATIONS = YES;
				CLANG_WARN_DIRECT_OBJC_ISA_USAGE = YES_ERROR;
				CLANG_WARN_DOCUMENTATION_COMMENTS = YES;
				CLANG_WARN_EMPTY_BODY = YES;
				CLANG_WARN_ENUM_CONVERSION = YES;
				CLANG_WARN_INFINITE_RECURSION = YES;
				CLANG_WARN_INT_CONVERSION = YES;
				CLANG_WARN_NON_LITERAL_NULL_CONVERSION = YES;
				CLANG_WARN_OBJC_IMPLICIT_RETAIN_SELF = YES;
				CLANG_WARN_OBJC_LITERAL_CONVERSION = YES;
				CLANG_WARN_OBJC_ROOT_CLASS = YES_ERROR;
				CLANG_WARN_QUOTED_INCLUDE_IN_FRAMEWORK_HEADER = YES;
				CLANG_WARN_RANGE_LOOP_ANALYSIS = YES;
				CLANG_WARN_STRICT_PROTOTYPES = YES;
				CLANG_WARN_SUSPICIOUS_MOVE = YES;
				CLANG_WARN_UNGUARDED_AVAILABILITY = YES_AGGRESSIVE;
				CLANG_WARN_UNREACHABLE_CODE = YES;
				CLANG_WARN__DUPLICATE_METHOD_MATCH = YES;
				COPY_PHASE_STRIP = NO;
				DEBUG_INFORMATION_FORMAT = dwarf;
				ENABLE_STRICT_OBJC_MSGSEND = YES;
				ENABLE_TESTABILITY = YES;
				GCC_C_LANGUAGE_STANDARD = gnu11;
				GCC_DYNAMIC_NO_PIC = NO;
				GCC_NO_COMMON_BLOCKS = YES;
				GCC_OPTIMIZATION_LEVEL = 0;
				GCC_PREPROCESSOR_DEFINITIONS = (
					"DEBUG=1",
					"$(inherited)",
				);
				GCC_WARN_64_TO_32_BIT_CONVERSION = YES;
				GCC_WARN_ABOUT_RETURN_TYPE = YES_ERROR;
				GCC_WARN_UNDECLARED_SELECTOR = YES;
				GCC_WARN_UNINITIALIZED_AUTOS = YES_AGGRESSIVE;
				GCC_WARN_UNUSED_FUNCTION = YES;
				GCC_WARN_UNUSED_VARIABLE = YES;
				IPHONEOS_DEPLOYMENT_TARGET = 16.2;
				MTL_ENABLE_DEBUG_INFO = INCLUDE_SOURCE;
				MTL_FAST_MATH = YES;
				ONLY_ACTIVE_ARCH = YES;
				SDKROOT = iphoneos;
				SWIFT_ACTIVE_COMPILATION_CONDITIONS = DEBUG;
				SWIFT_OPTIMIZATION_LEVEL = "-Onone";
			};
			name = Debug;
		};
		B8B439592F7DA11A00FD917D /* Release */ = {
			isa = XCBuildConfiguration;
			buildSettings = {
				ALWAYS_SEARCH_USER_PATHS = NO;
				CLANG_ANALYZER_NONNULL = YES;
				CLANG_ANALYZER_NUMBER_OBJECT_CONVERSION = YES_AGGRESSIVE;
				CLANG_CXX_LANGUAGE_STANDARD = "gnu++20";
				CLANG_ENABLE_MODULES = YES;
				CLANG_ENABLE_OBJC_ARC = YES;
				CLANG_ENABLE_OBJC_WEAK = YES;
				CLANG_WARN_BLOCK_CAPTURE_AUTORELEASING = YES;
				CLANG_WARN_BOOL_CONVERSION = YES;
				CLANG_WARN_COMMA = YES;
				CLANG_WARN_CONSTANT_CONVERSION = YES;
				CLANG_WARN_DEPRECATED_OBJC_IMPLEMENTATIONS = YES;
				CLANG_WARN_DIRECT_OBJC_ISA_USAGE = YES_ERROR;
				CLANG_WARN_DOCUMENTATION_COMMENTS = YES;
				CLANG_WARN_EMPTY_BODY = YES;
				CLANG_WARN_ENUM_CONVERSION = YES;
				CLANG_WARN_INFINITE_RECURSION = YES;
				CLANG_WARN_INT_CONVERSION = YES;
				CLANG_WARN_NON_LITERAL_NULL_CONVERSION = YES;
				CLANG_WARN_OBJC_IMPLICIT_RETAIN_SELF = YES;
				CLANG_WARN_OBJC_LITERAL_CONVERSION = YES;
				CLANG_WARN_OBJC_ROOT_CLASS = YES_ERROR;
				CLANG_WARN_QUOTED_INCLUDE_IN_FRAMEWORK_HEADER = YES;
				CLANG_WARN_RANGE_LOOP_ANALYSIS = YES;
				CLANG_WARN_STRICT_PROTOTYPES = YES;
				CLANG_WARN_SUSPICIOUS_MOVE = YES;
				CLANG_WARN_UNGUARDED_AVAILABILITY = YES_AGGRESSIVE;
				CLANG_WARN_UNREACHABLE_CODE = YES;
				CLANG_WARN__DUPLICATE_METHOD_MATCH = YES;
				COPY_PHASE_STRIP = NO;
				DEBUG_INFORMATION_FORMAT = "dwarf-with-dsym";
				ENABLE_NS_ASSERTIONS = NO;
				ENABLE_STRICT_OBJC_MSGSEND = YES;
				GCC_C_LANGUAGE_STANDARD = gnu11;
				GCC_NO_COMMON_BLOCKS = YES;
				GCC_WARN_64_TO_32_BIT_CONVERSION = YES;
				GCC_WARN_ABOUT_RETURN_TYPE = YES_ERROR;
				GCC_WARN_UNDECLARED_SELECTOR = YES;
				GCC_WARN_UNINITIALIZED_AUTOS = YES_AGGRESSIVE;
				GCC_WARN_UNUSED_FUNCTION = YES;
				GCC_WARN_UNUSED_VARIABLE = YES;
				IPHONEOS_DEPLOYMENT_TARGET = 16.2;
				MTL_ENABLE_DEBUG_INFO = NO;
				MTL_FAST_MATH = YES;
				SDKROOT = iphoneos;
				SWIFT_COMPILATION_MODE = wholemodule;
				SWIFT_OPTIMIZATION_LEVEL = "-O";
				VALIDATE_PRODUCT = YES;
			};
			name = Release;
		};
		B8B4395B2F7DA11A00FD917D /* Debug */ = {
			isa = XCBuildConfiguration;
			buildSettings = {
				ASSETCATALOG_COMPILER_APPICON_NAME = AppIcon;
				ASSETCATALOG_COMPILER_GLOBAL_ACCENT_COLOR_NAME = AccentColor;
				CODE_SIGN_STYLE = Automatic;
				CURRENT_PROJECT_VERSION = 1;
				DEVELOPMENT_ASSET_PATHS = "\"AccountabilityBuddy/Preview Content\"";
				DEVELOPMENT_TEAM = 6PTFFF46JU;
				ENABLE_PREVIEWS = YES;
				GENERATE_INFOPLIST_FILE = YES;
				INFOPLIST_KEY_UIApplicationSceneManifest_Generation = YES;
				INFOPLIST_KEY_UIApplicationSupportsIndirectInputEvents = YES;
				INFOPLIST_KEY_UILaunchScreen_Generation = YES;
				INFOPLIST_KEY_UISupportedInterfaceOrientations_iPad = "UIInterfaceOrientationPortrait UIInterfaceOrientationPortraitUpsideDown UIInterfaceOrientationLandscapeLeft UIInterfaceOrientationLandscapeRight";
				INFOPLIST_KEY_UISupportedInterfaceOrientations_iPhone = "UIInterfaceOrientationPortrait UIInterfaceOrientationLandscapeLeft UIInterfaceOrientationLandscapeRight";
				LD_RUNPATH_SEARCH_PATHS = (
					"$(inherited)",
					"@executable_path/Frameworks",
				);
				MARKETING_VERSION = 1.0;
				PRODUCT_BUNDLE_IDENTIFIER = com.masegom.AccountabilityBuddy;
				PRODUCT_NAME = "$(TARGET_NAME)";
				SWIFT_EMIT_LOC_STRINGS = YES;
				SWIFT_VERSION = 5.0;
				TARGETED_DEVICE_FAMILY = "1,2";
			};
			name = Debug;
		};
		B8B4395C2F7DA11A00FD917D /* Release */ = {
			isa = XCBuildConfiguration;
			buildSettings = {
				ASSETCATALOG_COMPILER_APPICON_NAME = AppIcon;
				ASSETCATALOG_COMPILER_GLOBAL_ACCENT_COLOR_NAME = AccentColor;
				CODE_SIGN_STYLE = Automatic;
				CURRENT_PROJECT_VERSION = 1;
				DEVELOPMENT_ASSET_PATHS = "\"AccountabilityBuddy/Preview Content\"";
				DEVELOPMENT_TEAM = 6PTFFF46JU;
				ENABLE_PREVIEWS = YES;
				GENERATE_INFOPLIST_FILE = YES;
				INFOPLIST_KEY_UIApplicationSceneManifest_Generation = YES;
				INFOPLIST_KEY_UIApplicationSupportsIndirectInputEvents = YES;
				INFOPLIST_KEY_UILaunchScreen_Generation = YES;
				INFOPLIST_KEY_UISupportedInterfaceOrientations_iPad = "UIInterfaceOrientationPortrait UIInterfaceOrientationPortraitUpsideDown UIInterfaceOrientationLandscapeLeft UIInterfaceOrientationLandscapeRight";
				INFOPLIST_KEY_UISupportedInterfaceOrientations_iPhone = "UIInterfaceOrientationPortrait UIInterfaceOrientationLandscapeLeft UIInterfaceOrientationLandscapeRight";
				LD_RUNPATH_SEARCH_PATHS = (
					"$(inherited)",
					"@executable_path/Frameworks",
				);
				MARKETING_VERSION = 1.0;
				PRODUCT_BUNDLE_IDENTIFIER = com.masegom.AccountabilityBuddy;
				PRODUCT_NAME = "$(TARGET_NAME)";
				SWIFT_EMIT_LOC_STRINGS = YES;
				SWIFT_VERSION = 5.0;
				TARGETED_DEVICE_FAMILY = "1,2";
			};
			name = Release;
		};
		B8B4395E2F7DA11A00FD917D /* Debug */ = {
			isa = XCBuildConfiguration;
			buildSettings = {
				ALWAYS_EMBED_SWIFT_STANDARD_LIBRARIES = YES;
				BUNDLE_LOADER = "$(TEST_HOST)";
				CODE_SIGN_STYLE = Automatic;
				CURRENT_PROJECT_VERSION = 1;
				GENERATE_INFOPLIST_FILE = YES;
				IPHONEOS_DEPLOYMENT_TARGET = 16.2;
				MARKETING_VERSION = 1.0;
				PRODUCT_BUNDLE_IDENTIFIER = com.masegom.AccountabilityBuddyTests;
				PRODUCT_NAME = "$(TARGET_NAME)";
				SWIFT_EMIT_LOC_STRINGS = NO;
				SWIFT_VERSION = 5.0;
				TARGETED_DEVICE_FAMILY = "1,2";
				TEST_HOST = "$(BUILT_PRODUCTS_DIR)/AccountabilityBuddy.app/$(BUNDLE_EXECUTABLE_FOLDER_PATH)/AccountabilityBuddy";
			};
			name = Debug;
		};
		B8B4395F2F7DA11A00FD917D /* Release */ = {
			isa = XCBuildConfiguration;
			buildSettings = {
				ALWAYS_EMBED_SWIFT_STANDARD_LIBRARIES = YES;
				BUNDLE_LOADER = "$(TEST_HOST)";
				CODE_SIGN_STYLE = Automatic;
				CURRENT_PROJECT_VERSION = 1;
				GENERATE_INFOPLIST_FILE = YES;
				IPHONEOS_DEPLOYMENT_TARGET = 16.2;
				MARKETING_VERSION = 1.0;
				PRODUCT_BUNDLE_IDENTIFIER = com.masegom.AccountabilityBuddyTests;
				PRODUCT_NAME = "$(TARGET_NAME)";
				SWIFT_EMIT_LOC_STRINGS = NO;
				SWIFT_VERSION = 5.0;
				TARGETED_DEVICE_FAMILY = "1,2";
				TEST_HOST = "$(BUILT_PRODUCTS_DIR)/AccountabilityBuddy.app/$(BUNDLE_EXECUTABLE_FOLDER_PATH)/AccountabilityBuddy";
			};
			name = Release;
		};
		B8B439612F7DA11A00FD917D /* Debug */ = {
			isa = XCBuildConfiguration;
			buildSettings = {
				ALWAYS_EMBED_SWIFT_STANDARD_LIBRARIES = YES;
				CODE_SIGN_STYLE = Automatic;
				CURRENT_PROJECT_VERSION = 1;
				GENERATE_INFOPLIST_FILE = YES;
				MARKETING_VERSION = 1.0;
				PRODUCT_BUNDLE_IDENTIFIER = com.masegom.AccountabilityBuddyUITests;
				PRODUCT_NAME = "$(TARGET_NAME)";
				SWIFT_EMIT_LOC_STRINGS = NO;
				SWIFT_VERSION = 5.0;
				TARGETED_DEVICE_FAMILY = "1,2";
				TEST_TARGET_NAME = AccountabilityBuddy;
			};
			name = Debug;
		};
		B8B439622F7DA11A00FD917D /* Release */ = {
			isa = XCBuildConfiguration;
			buildSettings = {
				ALWAYS_EMBED_SWIFT_STANDARD_LIBRARIES = YES;
				CODE_SIGN_STYLE = Automatic;
				CURRENT_PROJECT_VERSION = 1;
				GENERATE_INFOPLIST_FILE = YES;
				MARKETING_VERSION = 1.0;
				PRODUCT_BUNDLE_IDENTIFIER = com.masegom.AccountabilityBuddyUITests;
				PRODUCT_NAME = "$(TARGET_NAME)";
				SWIFT_EMIT_LOC_STRINGS = NO;
				SWIFT_VERSION = 5.0;
				TARGETED_DEVICE_FAMILY = "1,2";
				TEST_TARGET_NAME = AccountabilityBuddy;
			};
			name = Release;
		};
/* End XCBuildConfiguration section */

/* Begin XCConfigurationList section */
		B8B439312F7DA11500FD917D /* Build configuration list for PBXProject "AccountabilityBuddy" */ = {
			isa = XCConfigurationList;
			buildConfigurations = (
				B8B439582F7DA11A00FD917D /* Debug */,
				B8B439592F7DA11A00FD917D /* Release */,
			);
			defaultConfigurationIsVisible = 0;
			defaultConfigurationName = Release;
		};
		B8B4395A2F7DA11A00FD917D /* Build configuration list for PBXNativeTarget "AccountabilityBuddy" */ = {
			isa = XCConfigurationList;
			buildConfigurations = (
				B8B4395B2F7DA11A00FD917D /* Debug */,
				B8B4395C2F7DA11A00FD917D /* Release */,
			);
			defaultConfigurationIsVisible = 0;
			defaultConfigurationName = Release;
		};
		B8B4395D2F7DA11A00FD917D /* Build configuration list for PBXNativeTarget "AccountabilityBuddyTests" */ = {
			isa = XCConfigurationList;
			buildConfigurations = (
				B8B4395E2F7DA11A00FD917D /* Debug */,
				B8B4395F2F7DA11A00FD917D /* Release */,
			);
			defaultConfigurationIsVisible = 0;
			defaultConfigurationName = Release;
		};
		B8B439602F7DA11A00FD917D /* Build configuration list for PBXNativeTarget "AccountabilityBuddyUITests" */ = {
			isa = XCConfigurationList;
			buildConfigurations = (
				B8B439612F7DA11A00FD917D /* Debug */,
				B8B439622F7DA11A00FD917D /* Release */,
			);
			defaultConfigurationIsVisible = 0;
			defaultConfigurationName = Release;
		};
/* End XCConfigurationList section */
	};
	rootObject = B8B4392E2F7DA11500FD917D /* Project object */;
}
